
Microsoft Visual Studio Solution File, Format Version 12.00
# Visual Studio Version 17
VisualStudioVersion = 17.6.33829.357
MinimumVisualStudioVersion = 10.0.40219.1
Project("{FAE04EC0-301F-11D3-BF4B-00C04F79EFBC}") = "TheCalc-26112", "TheCalc-26112\TheCalc-26112.csproj", "{A587B12F-6DEC-4C6E-98E1-5296F4B9FBB1}"
EndProject
Global
	GlobalSection(SolutionConfigurationPlatforms) = preSolution
		Debug|Any CPU = Debug|Any CPU
		Release|Any CPU = Release|Any CPU
	EndGlobalSection
	GlobalSection(ProjectConfigurationPlatforms) = postSolution
		{A587B12F-6DEC-4C6E-98E1-5296F4B9FBB1}.Debug|Any CPU.ActiveCfg = Debug|Any CPU
		{A587B12F-6DEC-4C6E-98E1-5296F4B9FBB1}.Debug|Any CPU.Build.0 = Debug|Any CPU
		{A587B12F-6DEC-4C6E-98E1-5296F4B9FBB1}.Release|Any CPU.ActiveCfg = Release|Any CPU
		{A587B12F-6DEC-4C6E-98E1-5296F4B9FBB1}.Release|Any CPU.Build.0 = Release|Any CPU
	EndGlobalSection
	GlobalSection(SolutionProperties) = preSolution
		HideSolutionNode = FALSE
	EndGlobalSection
	GlobalSection(ExtensibilityGlobals) = postSolution
		SolutionGuid = {3B2EE4EC-666F-4F28-A876-DF0530ABD357}
	EndGlobalSection
EndGlobal
